{
  "name": "NasaHunch23",
  "lockfileVersion": 3,
  "requires": true,
  "packages": {
    "": {
      "dependencies": {
        "@vernier/godirect": "^1.8.3",
        "dspjs": "^1.0.0"
      }
    },
    "node_modules/@vernier/godirect": {
      "version": "1.8.3",
      "resolved": "https://registry.npmjs.org/@vernier/godirect/-/godirect-1.8.3.tgz",
      "integrity": "sha512-poS0LZ3jAjH36gIAI0aNBBdsGGbmt11VFbLO+eGDJ/JDSPtMu1iUStvOi0UM/ZH6Jyh34SjVd8Cnxu/Wmcb8iQ=="
    },
    "node_modules/dspjs": {
      "version": "1.0.0",
      "resolved": "https://registry.npmjs.org/dspjs/-/dspjs-1.0.0.tgz",
      "integrity": "sha512-GmSeR/EHBKp3KqKDsW4PxCVMXIivxoDd6PiXQiRJgpD0n0StffUgUmM0CizSppfOLLDDpx1ltn397cEuIEifIQ=="
    }
  }
}
